
Microsoft Visual Studio Solution File, Format Version 12.00
# Visual Studio 2012
Project("{FAE04EC0-301F-11D3-BF4B-00C04F79EFBC}") = "CollectionsAndGenerics", "CollectionsAndGenerics\CollectionsAndGenerics.csproj", "{8AA81388-2A3C-4FE8-AB6A-3EAC2B438025}"
EndProject
Global
	GlobalSection(SolutionConfigurationPlatforms) = preSolution
		Debug|x86 = Debug|x86
		Release|x86 = Release|x86
	EndGlobalSection
	GlobalSection(ProjectConfigurationPlatforms) = postSolution
		{8AA81388-2A3C-4FE8-AB6A-3EAC2B438025}.Debug|x86.ActiveCfg = Debug|x86
		{8AA81388-2A3C-4FE8-AB6A-3EAC2B438025}.Debug|x86.Build.0 = Debug|x86
		{8AA81388-2A3C-4FE8-AB6A-3EAC2B438025}.Release|x86.ActiveCfg = Release|x86
		{8AA81388-2A3C-4FE8-AB6A-3EAC2B438025}.Release|x86.Build.0 = Release|x86
	EndGlobalSection
EndGlobal
